
Microsoft Visual Studio Solution File, Format Version 12.00
# Visual Studio Version 17
VisualStudioVersion = 17.7.34031.279
MinimumVisualStudioVersion = 10.0.40219.1
Project("{F184B08F-C81C-45F6-A57F-5ABD9991F28F}") = "krishna", "krishna\krishna.vbproj", "{C2B088CF-5E36-4CF5-AA76-E5E4E53B20DA}"
EndProject
Global
	GlobalSection(SolutionConfigurationPlatforms) = preSolution
		Debug|Any CPU = Debug|Any CPU
		Release|Any CPU = Release|Any CPU
	EndGlobalSection
	GlobalSection(ProjectConfigurationPlatforms) = postSolution
		{C2B088CF-5E36-4CF5-AA76-E5E4E53B20DA}.Debug|Any CPU.ActiveCfg = Debug|Any CPU
		{C2B088CF-5E36-4CF5-AA76-E5E4E53B20DA}.Debug|Any CPU.Build.0 = Debug|Any CPU
		{C2B088CF-5E36-4CF5-AA76-E5E4E53B20DA}.Release|Any CPU.ActiveCfg = Release|Any CPU
		{C2B088CF-5E36-4CF5-AA76-E5E4E53B20DA}.Release|Any CPU.Build.0 = Release|Any CPU
	EndGlobalSection
	GlobalSection(SolutionProperties) = preSolution
		HideSolutionNode = FALSE
	EndGlobalSection
	GlobalSection(ExtensibilityGlobals) = postSolution
		SolutionGuid = {39D731D6-0EE0-4A98-A4F9-8EBA06C0EC4E}
	EndGlobalSection
EndGlobal
